// !$*UTF8*$!
{
	archiveVersion = 1;
	classes = {
	};
	objectVersion = 46;
	objects = {

/* Begin PBXBuildFile section */
		790EC0CC1D910CE000454C0E /* main.m in Sources */ = {isa = PBXBuildFile; fileRef = 790EC0CB1D910CE000454C0E /* main.m */; };
		790EC0CF1D910CE000454C0E /* AppDelegate.m in Sources */ = {isa = PBXBuildFile; fileRef = 790EC0CE1D910CE000454C0E /* AppDelegate.m */; };
		790EC0D71D910CE000454C0E /* Assets.xcassets in Resources */ = {isa = PBXBuildFile; fileRef = 790EC0D61D910CE000454C0E /* Assets.xcassets */; };
		795C4C621D921A4F002ECD49 /* XNBaseNavController.m in Sources */ = {isa = PBXBuildFile; fileRef = 795C4C611D921A4F002ECD49 /* XNBaseNavController.m */; };
		795C4C651D921A6D002ECD49 /* XNMainTabBarController.m in Sources */ = {isa = PBXBuildFile; fileRef = 795C4C641D921A6D002ECD49 /* XNMainTabBarController.m */; };
		795C4C681D921AF5002ECD49 /* XNCategoryController.m in Sources */ = {isa = PBXBuildFile; fileRef = 795C4C671D921AF5002ECD49 /* XNCategoryController.m */; };
		795C4C6E1D921B23002ECD49 /* XNMineController.m in Sources */ = {isa = PBXBuildFile; fileRef = 795C4C6D1D921B23002ECD49 /* XNMineController.m */; };
		795C4C841D921F92002ECD49 /* XNGoodsCarController.m in Sources */ = {isa = PBXBuildFile; fileRef = 795C4C811D921F92002ECD49 /* XNGoodsCarController.m */; };
		795C4C871D921FC2002ECD49 /* XNHomeViewController.m in Sources */ = {isa = PBXBuildFile; fileRef = 795C4C861D921FC2002ECD49 /* XNHomeViewController.m */; };
		795C4C8E1D9220BE002ECD49 /* XNCampaignController.m in Sources */ = {isa = PBXBuildFile; fileRef = 795C4C8D1D9220BE002ECD49 /* XNCampaignController.m */; };
		C7739A5DBE16465FF5862158 /* libPods-HsuMall.a in Frameworks */ = {isa = PBXBuildFile; fileRef = 3335EB62D89CF492AF0CD94B /* libPods-HsuMall.a */; };
/* End PBXBuildFile section */

/* Begin PBXFileReference section */
		3335EB62D89CF492AF0CD94B /* libPods-HsuMall.a */ = {isa = PBXFileReference; explicitFileType = archive.ar; includeInIndex = 0; path = "libPods-HsuMall.a"; sourceTree = BUILT_PRODUCTS_DIR; };
		790EC0C71D910CE000454C0E /* HsuMall.app */ = {isa = PBXFileReference; explicitFileType = wrapper.application; includeInIndex = 0; path = HsuMall.app; sourceTree = BUILT_PRODUCTS_DIR; };
		790EC0CB1D910CE000454C0E /* main.m */ = {isa = PBXFileReference; lastKnownFileType = sourcecode.c.objc; path = main.m; sourceTree = "<group>"; };
		790EC0CD1D910CE000454C0E /* AppDelegate.h */ = {isa = PBXFileReference; lastKnownFileType = sourcecode.c.h; name = AppDelegate.h; path = ../../AppDelegate.h; sourceTree = "<group>"; };
		790EC0CE1D910CE000454C0E /* AppDelegate.m */ = {isa = PBXFileReference; lastKnownFileType = sourcecode.c.objc; name = AppDelegate.m; path = ../../AppDelegate.m; sourceTree = "<group>"; };
		790EC0D61D910CE000454C0E /* Assets.xcassets */ = {isa = PBXFileReference; lastKnownFileType = folder.assetcatalog; path = Assets.xcassets; sourceTree = "<group>"; };
		790EC0DB1D910CE000454C0E /* Info.plist */ = {isa = PBXFileReference; lastKnownFileType = text.plist.xml; path = Info.plist; sourceTree = "<group>"; };
		795C4C601D921A4F002ECD49 /* XNBaseNavController.h */ = {isa = PBXFileReference; fileEncoding = 4; lastKnownFileType = sourcecode.c.h; path = XNBaseNavController.h; sourceTree = "<group>"; };
		795C4C611D921A4F002ECD49 /* XNBaseNavController.m */ = {isa = PBXFileReference; fileEncoding = 4; lastKnownFileType = sourcecode.c.objc; path = XNBaseNavController.m; sourceTree = "<group>"; };
		795C4C631D921A6D002ECD49 /* XNMainTabBarController.h */ = {isa = PBXFileReference; fileEncoding = 4; lastKnownFileType = sourcecode.c.h; path = XNMainTabBarController.h; sourceTree = "<group>"; };
		795C4C641D921A6D002ECD49 /* XNMainTabBarController.m */ = {isa = PBXFileReference; fileEncoding = 4; lastKnownFileType = sourcecode.c.objc; path = XNMainTabBarController.m; sourceTree = "<group>"; };
		795C4C661D921AF5002ECD49 /* XNCategoryController.h */ = {isa = PBXFileReference; fileEncoding = 4; lastKnownFileType = sourcecode.c.h; path = XNCategoryController.h; sourceTree = "<group>"; };
		795C4C671D921AF5002ECD49 /* XNCategoryController.m */ = {isa = PBXFileReference; fileEncoding = 4; lastKnownFileType = sourcecode.c.objc; path = XNCategoryController.m; sourceTree = "<group>"; };
		795C4C6C1D921B23002ECD49 /* XNMineController.h */ = {isa = PBXFileReference; fileEncoding = 4; lastKnownFileType = sourcecode.c.h; path = XNMineController.h; sourceTree = "<group>"; };
		795C4C6D1D921B23002ECD49 /* XNMineController.m */ = {isa = PBXFileReference; fileEncoding = 4; lastKnownFileType = sourcecode.c.objc; path = XNMineController.m; sourceTree = "<group>"; };
		795C4C761D921D07002ECD49 /* HsuMall-Prefix.pch */ = {isa = PBXFileReference; lastKnownFileType = sourcecode.c.h; name = "HsuMall-Prefix.pch"; path = "../../../HsuMall-Prefix.pch"; sourceTree = "<group>"; };
		795C4C801D921F92002ECD49 /* XNGoodsCarController.h */ = {isa = PBXFileReference; fileEncoding = 4; lastKnownFileType = sourcecode.c.h; path = XNGoodsCarController.h; sourceTree = "<group>"; };
		795C4C811D921F92002ECD49 /* XNGoodsCarController.m */ = {isa = PBXFileReference; fileEncoding = 4; lastKnownFileType = sourcecode.c.objc; path = XNGoodsCarController.m; sourceTree = "<group>"; };
		795C4C851D921FC2002ECD49 /* XNHomeViewController.h */ = {isa = PBXFileReference; fileEncoding = 4; lastKnownFileType = sourcecode.c.h; path = XNHomeViewController.h; sourceTree = "<group>"; };
		795C4C861D921FC2002ECD49 /* XNHomeViewController.m */ = {isa = PBXFileReference; fileEncoding = 4; lastKnownFileType = sourcecode.c.objc; path = XNHomeViewController.m; sourceTree = "<group>"; };
		795C4C8C1D9220BE002ECD49 /* XNCampaignController.h */ = {isa = PBXFileReference; fileEncoding = 4; lastKnownFileType = sourcecode.c.h; path = XNCampaignController.h; sourceTree = "<group>"; };
		795C4C8D1D9220BE002ECD49 /* XNCampaignController.m */ = {isa = PBXFileReference; fileEncoding = 4; lastKnownFileType = sourcecode.c.objc; path = XNCampaignController.m; sourceTree = "<group>"; };
		A4E311CE2F144B0DD557DA01 /* Pods-HsuMall.debug.xcconfig */ = {isa = PBXFileReference; includeInIndex = 1; lastKnownFileType = text.xcconfig; name = "Pods-HsuMall.debug.xcconfig"; path = "Pods/Target Support Files/Pods-HsuMall/Pods-HsuMall.debug.xcconfig"; sourceTree = "<group>"; };
		A5FF524157FC06EF275B7A7F /* Pods-HsuMall.release.xcconfig */ = {isa = PBXFileReference; includeInIndex = 1; lastKnownFileType = text.xcconfig; name = "Pods-HsuMall.release.xcconfig"; path = "Pods/Target Support Files/Pods-HsuMall/Pods-HsuMall.release.xcconfig"; sourceTree = "<group>"; };
/* End PBXFileReference section */

/* Begin PBXFrameworksBuildPhase section */
		790EC0C41D910CE000454C0E /* Frameworks */ = {
			isa = PBXFrameworksBuildPhase;
			buildActionMask = 2147483647;
			files = (
				C7739A5DBE16465FF5862158 /* libPods-HsuMall.a in Frameworks */,
			);
			runOnlyForDeploymentPostprocessing = 0;
		};
/* End PBXFrameworksBuildPhase section */

/* Begin PBXGroup section */
		5E501A8D1CA56CC9D01100C1 /* Pods */ = {
			isa = PBXGroup;
			children = (
				A4E311CE2F144B0DD557DA01 /* Pods-HsuMall.debug.xcconfig */,
				A5FF524157FC06EF275B7A7F /* Pods-HsuMall.release.xcconfig */,
			);
			name = Pods;
			sourceTree = "<group>";
		};
		747D401190E50421015A2BA5 /* Frameworks */ = {
			isa = PBXGroup;
			children = (
				3335EB62D89CF492AF0CD94B /* libPods-HsuMall.a */,
			);
			name = Frameworks;
			sourceTree = "<group>";
		};
		790EC0BE1D910CE000454C0E = {
			isa = PBXGroup;
			children = (
				790EC0C91D910CE000454C0E /* HsuMall */,
				790EC0C81D910CE000454C0E /* Products */,
				5E501A8D1CA56CC9D01100C1 /* Pods */,
				747D401190E50421015A2BA5 /* Frameworks */,
			);
			sourceTree = "<group>";
		};
		790EC0C81D910CE000454C0E /* Products */ = {
			isa = PBXGroup;
			children = (
				790EC0C71D910CE000454C0E /* HsuMall.app */,
			);
			name = Products;
			sourceTree = "<group>";
		};
		790EC0C91D910CE000454C0E /* HsuMall */ = {
			isa = PBXGroup;
			children = (
				795C4C571D921945002ECD49 /* Main */,
				795C4C771D921F73002ECD49 /* Home(首页) */,
				795C4C881D922079002ECD49 /* Campaign(大作战) */,
				795C4C7E1D921F92002ECD49 /* ShopCar(购物车) */,
				795C4C4F1D921945002ECD49 /* Category(分类) */,
				795C4C5B1D921945002ECD49 /* Profile(会员中心) */,
				790EC0CA1D910CE000454C0E /* Supporting Files */,
			);
			path = HsuMall;
			sourceTree = "<group>";
		};
		790EC0CA1D910CE000454C0E /* Supporting Files */ = {
			isa = PBXGroup;
			children = (
				790EC0D61D910CE000454C0E /* Assets.xcassets */,
				790EC0DB1D910CE000454C0E /* Info.plist */,
				790EC0CB1D910CE000454C0E /* main.m */,
			);
			name = "Supporting Files";
			sourceTree = "<group>";
		};
		795C4C4F1D921945002ECD49 /* Category(分类) */ = {
			isa = PBXGroup;
			children = (
				795C4C501D921945002ECD49 /* Controller */,
				795C4C511D921945002ECD49 /* Model */,
				795C4C521D921945002ECD49 /* View */,
			);
			name = "Category(分类)";
			path = Category;
			sourceTree = "<group>";
		};
		795C4C501D921945002ECD49 /* Controller */ = {
			isa = PBXGroup;
			children = (
				795C4C661D921AF5002ECD49 /* XNCategoryController.h */,
				795C4C671D921AF5002ECD49 /* XNCategoryController.m */,
			);
			path = Controller;
			sourceTree = "<group>";
		};
		795C4C511D921945002ECD49 /* Model */ = {
			isa = PBXGroup;
			children = (
			);
			path = Model;
			sourceTree = "<group>";
		};
		795C4C521D921945002ECD49 /* View */ = {
			isa = PBXGroup;
			children = (
			);
			path = View;
			sourceTree = "<group>";
		};
		795C4C571D921945002ECD49 /* Main */ = {
			isa = PBXGroup;
			children = (
				795C4C5F1D92195F002ECD49 /* Other */,
				795C4C581D921945002ECD49 /* Controller */,
				795C4C5A1D921945002ECD49 /* View */,
			);
			path = Main;
			sourceTree = "<group>";
		};
		795C4C581D921945002ECD49 /* Controller */ = {
			isa = PBXGroup;
			children = (
				795C4C601D921A4F002ECD49 /* XNBaseNavController.h */,
				795C4C611D921A4F002ECD49 /* XNBaseNavController.m */,
				795C4C631D921A6D002ECD49 /* XNMainTabBarController.h */,
				795C4C641D921A6D002ECD49 /* XNMainTabBarController.m */,
			);
			path = Controller;
			sourceTree = "<group>";
		};
		795C4C5A1D921945002ECD49 /* View */ = {
			isa = PBXGroup;
			children = (
			);
			path = View;
			sourceTree = "<group>";
		};
		795C4C5B1D921945002ECD49 /* Profile(会员中心) */ = {
			isa = PBXGroup;
			children = (
				795C4C5C1D921945002ECD49 /* Controller */,
				795C4C5D1D921945002ECD49 /* Model */,
				795C4C5E1D921945002ECD49 /* View */,
			);
			name = "Profile(会员中心)";
			path = Profile;
			sourceTree = "<group>";
		};
		795C4C5C1D921945002ECD49 /* Controller */ = {
			isa = PBXGroup;
			children = (
				795C4C6C1D921B23002ECD49 /* XNMineController.h */,
				795C4C6D1D921B23002ECD49 /* XNMineController.m */,
			);
			path = Controller;
			sourceTree = "<group>";
		};
		795C4C5D1D921945002ECD49 /* Model */ = {
			isa = PBXGroup;
			children = (
			);
			path = Model;
			sourceTree = "<group>";
		};
		795C4C5E1D921945002ECD49 /* View */ = {
			isa = PBXGroup;
			children = (
			);
			path = View;
			sourceTree = "<group>";
		};
		795C4C5F1D92195F002ECD49 /* Other */ = {
			isa = PBXGroup;
			children = (
				795C4C761D921D07002ECD49 /* HsuMall-Prefix.pch */,
				790EC0CD1D910CE000454C0E /* AppDelegate.h */,
				790EC0CE1D910CE000454C0E /* AppDelegate.m */,
			);
			path = Other;
			sourceTree = "<group>";
		};
		795C4C771D921F73002ECD49 /* Home(首页) */ = {
			isa = PBXGroup;
			children = (
				795C4C781D921F73002ECD49 /* Controller */,
				795C4C7B1D921F73002ECD49 /* Model */,
				795C4C7C1D921F73002ECD49 /* View */,
			);
			name = "Home(首页)";
			path = Home;
			sourceTree = "<group>";
		};
		795C4C781D921F73002ECD49 /* Controller */ = {
			isa = PBXGroup;
			children = (
				795C4C851D921FC2002ECD49 /* XNHomeViewController.h */,
				795C4C861D921FC2002ECD49 /* XNHomeViewController.m */,
			);
			path = Controller;
			sourceTree = "<group>";
		};
		795C4C7B1D921F73002ECD49 /* Model */ = {
			isa = PBXGroup;
			children = (
			);
			path = Model;
			sourceTree = "<group>";
		};
		795C4C7C1D921F73002ECD49 /* View */ = {
			isa = PBXGroup;
			children = (
			);
			path = View;
			sourceTree = "<group>";
		};
		795C4C7E1D921F92002ECD49 /* ShopCar(购物车) */ = {
			isa = PBXGroup;
			children = (
				795C4C7F1D921F92002ECD49 /* Controller */,
				795C4C821D921F92002ECD49 /* Model */,
				795C4C831D921F92002ECD49 /* View */,
			);
			name = "ShopCar(购物车)";
			path = ShopCar;
			sourceTree = "<group>";
		};
		795C4C7F1D921F92002ECD49 /* Controller */ = {
			isa = PBXGroup;
			children = (
				795C4C801D921F92002ECD49 /* XNGoodsCarController.h */,
				795C4C811D921F92002ECD49 /* XNGoodsCarController.m */,
			);
			path = Controller;
			sourceTree = "<group>";
		};
		795C4C821D921F92002ECD49 /* Model */ = {
			isa = PBXGroup;
			children = (
			);
			path = Model;
			sourceTree = "<group>";
		};
		795C4C831D921F92002ECD49 /* View */ = {
			isa = PBXGroup;
			children = (
			);
			path = View;
			sourceTree = "<group>";
		};
		795C4C881D922079002ECD49 /* Campaign(大作战) */ = {
			isa = PBXGroup;
			children = (
				795C4C891D922079002ECD49 /* Controller */,
				795C4C8A1D922079002ECD49 /* Model */,
				795C4C8B1D922079002ECD49 /* View */,
			);
			name = "Campaign(大作战)";
			path = Campaign;
			sourceTree = "<group>";
		};
		795C4C891D922079002ECD49 /* Controller */ = {
			isa = PBXGroup;
			children = (
				795C4C8C1D9220BE002ECD49 /* XNCampaignController.h */,
				795C4C8D1D9220BE002ECD49 /* XNCampaignController.m */,
			);
			path = Controller;
			sourceTree = "<group>";
		};
		795C4C8A1D922079002ECD49 /* Model */ = {
			isa = PBXGroup;
			children = (
			);
			path = Model;
			sourceTree = "<group>";
		};
		795C4C8B1D922079002ECD49 /* View */ = {
			isa = PBXGroup;
			children = (
			);
			path = View;
			sourceTree = "<group>";
		};
/* End PBXGroup section */

/* Begin PBXNativeTarget section */
		790EC0C61D910CE000454C0E /* HsuMall */ = {
			isa = PBXNativeTarget;
			buildConfigurationList = 790EC0DE1D910CE000454C0E /* Build configuration list for PBXNativeTarget "HsuMall" */;
			buildPhases = (
				F5B3660CB94E6C77017E9AB6 /* [CP] Check Pods Manifest.lock */,
				790EC0C31D910CE000454C0E /* Sources */,
				790EC0C41D910CE000454C0E /* Frameworks */,
				790EC0C51D910CE000454C0E /* Resources */,
				B2617F613D7C6C23F695D26F /* [CP] Embed Pods Frameworks */,
				879F083391DA6197B7DD5675 /* [CP] Copy Pods Resources */,
			);
			buildRules = (
			);
			dependencies = (
			);
			name = HsuMall;
			productName = HsuMall;
			productReference = 790EC0C71D910CE000454C0E /* HsuMall.app */;
			productType = "com.apple.product-type.application";
		};
/* End PBXNativeTarget section */

/* Begin PBXProject section */
		790EC0BF1D910CE000454C0E /* Project object */ = {
			isa = PBXProject;
			attributes = {
				CLASSPREFIX = XN;
				LastUpgradeCheck = 0800;
				ORGANIZATIONNAME = xuning;
				TargetAttributes = {
					790EC0C61D910CE000454C0E = {
						CreatedOnToolsVersion = 8.0;
						DevelopmentTeam = J7H6SN66AX;
						ProvisioningStyle = Automatic;
					};
				};
			};
			buildConfigurationList = 790EC0C21D910CE000454C0E /* Build configuration list for PBXProject "HsuMall" */;
			compatibilityVersion = "Xcode 3.2";
			developmentRegion = English;
			hasScannedForEncodings = 0;
			knownRegions = (
				en,
				Base,
			);
			mainGroup = 790EC0BE1D910CE000454C0E;
			productRefGroup = 790EC0C81D910CE000454C0E /* Products */;
			projectDirPath = "";
			projectRoot = "";
			targets = (
				790EC0C61D910CE000454C0E /* HsuMall */,
			);
		};
/* End PBXProject section */

/* Begin PBXResourcesBuildPhase section */
		790EC0C51D910CE000454C0E /* Resources */ = {
			isa = PBXResourcesBuildPhase;
			buildActionMask = 2147483647;
			files = (
				790EC0D71D910CE000454C0E /* Assets.xcassets in Resources */,
			);
			runOnlyForDeploymentPostprocessing = 0;
		};
/* End PBXResourcesBuildPhase section */

/* Begin PBXShellScriptBuildPhase section */
		879F083391DA6197B7DD5675 /* [CP] Copy Pods Resources */ = {
			isa = PBXShellScriptBuildPhase;
			buildActionMask = 2147483647;
			files = (
			);
			inputPaths = (
			);
			name = "[CP] Copy Pods Resources";
			outputPaths = (
			);
			runOnlyForDeploymentPostprocessing = 0;
			shellPath = /bin/sh;
			shellScript = "\"${SRCROOT}/Pods/Target Support Files/Pods-HsuMall/Pods-HsuMall-resources.sh\"\n";
			showEnvVarsInLog = 0;
		};
		B2617F613D7C6C23F695D26F /* [CP] Embed Pods Frameworks */ = {
			isa = PBXShellScriptBuildPhase;
			buildActionMask = 2147483647;
			files = (
			);
			inputPaths = (
			);
			name = "[CP] Embed Pods Frameworks";
			outputPaths = (
			);
			runOnlyForDeploymentPostprocessing = 0;
			shellPath = /bin/sh;
			shellScript = "\"${SRCROOT}/Pods/Target Support Files/Pods-HsuMall/Pods-HsuMall-frameworks.sh\"\n";
			showEnvVarsInLog = 0;
		};
		F5B3660CB94E6C77017E9AB6 /* [CP] Check Pods Manifest.lock */ = {
			isa = PBXShellScriptBuildPhase;
			buildActionMask = 2147483647;
			files = (
			);
			inputPaths = (
			);
			name = "[CP] Check Pods Manifest.lock";
			outputPaths = (
			);
			runOnlyForDeploymentPostprocessing = 0;
			shellPath = /bin/sh;
			shellScript = "diff \"${PODS_ROOT}/../Podfile.lock\" \"${PODS_ROOT}/Manifest.lock\" > /dev/null\nif [[ $? != 0 ]] ; then\n    cat << EOM\nerror: The sandbox is not in sync with the Podfile.lock. Run 'pod install' or update your CocoaPods installation.\nEOM\n    exit 1\nfi\n";
			showEnvVarsInLog = 0;
		};
/* End PBXShellScriptBuildPhase section */

/* Begin PBXSourcesBuildPhase section */
		790EC0C31D910CE000454C0E /* Sources */ = {
			isa = PBXSourcesBuildPhase;
			buildActionMask = 2147483647;
			files = (
				795C4C621D921A4F002ECD49 /* XNBaseNavController.m in Sources */,
				795C4C6E1D921B23002ECD49 /* XNMineController.m in Sources */,
				790EC0CF1D910CE000454C0E /* AppDelegate.m in Sources */,
				795C4C651D921A6D002ECD49 /* XNMainTabBarController.m in Sources */,
				795C4C8E1D9220BE002ECD49 /* XNCampaignController.m in Sources */,
				795C4C841D921F92002ECD49 /* XNGoodsCarController.m in Sources */,
				795C4C681D921AF5002ECD49 /* XNCategoryController.m in Sources */,
				790EC0CC1D910CE000454C0E /* main.m in Sources */,
				795C4C871D921FC2002ECD49 /* XNHomeViewController.m in Sources */,
			);
			runOnlyForDeploymentPostprocessing = 0;
		};
/* End PBXSourcesBuildPhase section */

/* Begin XCBuildConfiguration section */
		790EC0DC1D910CE000454C0E /* Debug */ = {
			isa = XCBuildConfiguration;
			buildSettings = {
				ALWAYS_SEARCH_USER_PATHS = NO;
				CLANG_ANALYZER_NONNULL = YES;
				CLANG_CXX_LANGUAGE_STANDARD = "gnu++0x";
				CLANG_CXX_LIBRARY = "libc++";
				CLANG_ENABLE_MODULES = YES;
				CLANG_ENABLE_OBJC_ARC = YES;
				CLANG_WARN_BOOL_CONVERSION = YES;
				CLANG_WARN_CONSTANT_CONVERSION = YES;
				CLANG_WARN_DIRECT_OBJC_ISA_USAGE = YES_ERROR;
				CLANG_WARN_DOCUMENTATION_COMMENTS = YES;
				CLANG_WARN_EMPTY_BODY = YES;
				CLANG_WARN_ENUM_CONVERSION = YES;
				CLANG_WARN_INFINITE_RECURSION = YES;
				CLANG_WARN_INT_CONVERSION = YES;
				CLANG_WARN_OBJC_ROOT_CLASS = YES_ERROR;
				CLANG_WARN_SUSPICIOUS_MOVE = YES;
				CLANG_WARN_SUSPICIOUS_MOVES = YES;
				CLANG_WARN_UNREACHABLE_CODE = YES;
				CLANG_WARN__DUPLICATE_METHOD_MATCH = YES;
				"CODE_SIGN_IDENTITY[sdk=iphoneos*]" = "iPhone Developer";
				COPY_PHASE_STRIP = NO;
				DEBUG_INFORMATION_FORMAT = dwarf;
				ENABLE_STRICT_OBJC_MSGSEND = YES;
				ENABLE_TESTABILITY = YES;
				GCC_C_LANGUAGE_STANDARD = gnu99;
				GCC_DYNAMIC_NO_PIC = NO;
				GCC_NO_COMMON_BLOCKS = YES;
				GCC_OPTIMIZATION_LEVEL = 0;
				GCC_PREPROCESSOR_DEFINITIONS = (
					"DEBUG=1",
					"$(inherited)",
				);
				GCC_WARN_64_TO_32_BIT_CONVERSION = YES;
				GCC_WARN_ABOUT_RETURN_TYPE = YES_ERROR;
				GCC_WARN_UNDECLARED_SELECTOR = YES;
				GCC_WARN_UNINITIALIZED_AUTOS = YES_AGGRESSIVE;
				GCC_WARN_UNUSED_FUNCTION = YES;
				GCC_WARN_UNUSED_VARIABLE = YES;
				IPHONEOS_DEPLOYMENT_TARGET = 10.0;
				MTL_ENABLE_DEBUG_INFO = YES;
				ONLY_ACTIVE_ARCH = YES;
				SDKROOT = iphoneos;
			};
			name = Debug;
		};
		790EC0DD1D910CE000454C0E /* Release */ = {
			isa = XCBuildConfiguration;
			buildSettings = {
				ALWAYS_SEARCH_USER_PATHS = NO;
				CLANG_ANALYZER_NONNULL = YES;
				CLANG_CXX_LANGUAGE_STANDARD = "gnu++0x";
				CLANG_CXX_LIBRARY = "libc++";
				CLANG_ENABLE_MODULES = YES;
				CLANG_ENABLE_OBJC_ARC = YES;
				CLANG_WARN_BOOL_CONVERSION = YES;
				CLANG_WARN_CONSTANT_CONVERSION = YES;
				CLANG_WARN_DIRECT_OBJC_ISA_USAGE = YES_ERROR;
				CLANG_WARN_DOCUMENTATION_COMMENTS = YES;
				CLANG_WARN_EMPTY_BODY = YES;
				CLANG_WARN_ENUM_CONVERSION = YES;
				CLANG_WARN_INFINITE_RECURSION = YES;
				CLANG_WARN_INT_CONVERSION = YES;
				CLANG_WARN_OBJC_ROOT_CLASS = YES_ERROR;
				CLANG_WARN_SUSPICIOUS_MOVE = YES;
				CLANG_WARN_SUSPICIOUS_MOVES = YES;
				CLANG_WARN_UNREACHABLE_CODE = YES;
				CLANG_WARN__DUPLICATE_METHOD_MATCH = YES;
				"CODE_SIGN_IDENTITY[sdk=iphoneos*]" = "iPhone Developer";
				COPY_PHASE_STRIP = NO;
				DEBUG_INFORMATION_FORMAT = "dwarf-with-dsym";
				ENABLE_NS_ASSERTIONS = NO;
				ENABLE_STRICT_OBJC_MSGSEND = YES;
				GCC_C_LANGUAGE_STANDARD = gnu99;
				GCC_NO_COMMON_BLOCKS = YES;
				GCC_WARN_64_TO_32_BIT_CONVERSION = YES;
				GCC_WARN_ABOUT_RETURN_TYPE = YES_ERROR;
				GCC_WARN_UNDECLARED_SELECTOR = YES;
				GCC_WARN_UNINITIALIZED_AUTOS = YES_AGGRESSIVE;
				GCC_WARN_UNUSED_FUNCTION = YES;
				GCC_WARN_UNUSED_VARIABLE = YES;
				IPHONEOS_DEPLOYMENT_TARGET = 10.0;
				MTL_ENABLE_DEBUG_INFO = NO;
				SDKROOT = iphoneos;
				VALIDATE_PRODUCT = YES;
			};
			name = Release;
		};
		790EC0DF1D910CE000454C0E /* Debug */ = {
			isa = XCBuildConfiguration;
			baseConfigurationReference = A4E311CE2F144B0DD557DA01 /* Pods-HsuMall.debug.xcconfig */;
			buildSettings = {
				ASSETCATALOG_COMPILER_APPICON_NAME = AppIcon;
				ASSETCATALOG_COMPILER_LAUNCHIMAGE_NAME = LaunchImage;
				DEVELOPMENT_TEAM = J7H6SN66AX;
				GCC_PRECOMPILE_PREFIX_HEADER = YES;
				GCC_PREFIX_HEADER = "$(SRCROOT)/HsuMall-Prefix.pch";
				INFOPLIST_FILE = HsuMall/Info.plist;
				IPHONEOS_DEPLOYMENT_TARGET = 8.0;
				LD_RUNPATH_SEARCH_PATHS = "$(inherited) @executable_path/Frameworks";
				PRODUCT_BUNDLE_IDENTIFIER = com.tsuios.HsuMall;
				PRODUCT_NAME = "$(TARGET_NAME)";
			};
			name = Debug;
		};
		790EC0E01D910CE000454C0E /* Release */ = {
			isa = XCBuildConfiguration;
			baseConfigurationReference = A5FF524157FC06EF275B7A7F /* Pods-HsuMall.release.xcconfig */;
			buildSettings = {
				ASSETCATALOG_COMPILER_APPICON_NAME = AppIcon;
				ASSETCATALOG_COMPILER_LAUNCHIMAGE_NAME = LaunchImage;
				DEVELOPMENT_TEAM = J7H6SN66AX;
				GCC_PRECOMPILE_PREFIX_HEADER = YES;
				GCC_PREFIX_HEADER = "$(SRCROOT)/HsuMall-Prefix.pch";
				INFOPLIST_FILE = HsuMall/Info.plist;
				IPHONEOS_DEPLOYMENT_TARGET = 8.0;
				LD_RUNPATH_SEARCH_PATHS = "$(inherited) @executable_path/Frameworks";
				PRODUCT_BUNDLE_IDENTIFIER = com.tsuios.HsuMall;
				PRODUCT_NAME = "$(TARGET_NAME)";
			};
			name = Release;
		};
/* End XCBuildConfiguration section */

/* Begin XCConfigurationList section */
		790EC0C21D910CE000454C0E /* Build configuration list for PBXProject "HsuMall" */ = {
			isa = XCConfigurationList;
			buildConfigurations = (
				790EC0DC1D910CE000454C0E /* Debug */,
				790EC0DD1D910CE000454C0E /* Release */,
			);
			defaultConfigurationIsVisible = 0;
			defaultConfigurationName = Release;
		};
		790EC0DE1D910CE000454C0E /* Build configuration list for PBXNativeTarget "HsuMall" */ = {
			isa = XCConfigurationList;
			buildConfigurations = (
				790EC0DF1D910CE000454C0E /* Debug */,
				790EC0E01D910CE000454C0E /* Release */,
			);
			defaultConfigurationIsVisible = 0;
			defaultConfigurationName = Release;
		};
/* End XCConfigurationList section */
	};
	rootObject = 790EC0BF1D910CE000454C0E /* Project object */;
}
